PODS:
  - FlareLane (1.10.2)
  - flarelane_flutter (1.10.1):
    - FlareLane (= 1.10.2)
    - Flutter
  - Flutter (1.0.0)
  - flutter_inappwebview_ios (0.0.1):
    - Flutter
    - flutter_inappwebview_ios/Core (= 0.0.1)
    - OrderedSet (~> 6.0.3)
  - flutter_inappwebview_ios/Core (0.0.1):
    - Flutter
    - OrderedSet (~> 6.0.3)
  - OrderedSet (6.0.3)
  - webview_flutter_wkwebview (0.0.1):
    - Flutter
    - FlutterMacOS

DEPENDENCIES:
  - FlareLane (= 1.10.2)
  - flarelane_flutter (from `.symlinks/plugins/flarelane_flutter/ios`)
  - Flutter (from `Flutter`)
  - flutter_inappwebview_ios (from `.symlinks/plugins/flutter_inappwebview_ios/ios`)
  - webview_flutter_wkwebview (from `.symlinks/plugins/webview_flutter_wkwebview/darwin`)

SPEC REPOS:
  trunk:
    - FlareLane
    - OrderedSet

EXTERNAL SOURCES:
  flarelane_flutter:
    :path: ".symlinks/plugins/flarelane_flutter/ios"
  Flutter:
    :path: Flutter
  flutter_inappwebview_ios:
    :path: ".symlinks/plugins/flutter_inappwebview_ios/ios"
  webview_flutter_wkwebview:
    :path: ".symlinks/plugins/webview_flutter_wkwebview/darwin"

SPEC CHECKSUMS:
  FlareLane: 33130b6f4b78ccaa610d1d94d3ddefa14c5cfc49
  flarelane_flutter: f8a1267cb7b349ce821debc67328a3ef8a443e1e
  Flutter: cabc95a1d2626b1b06e7179b784ebcf0c0cde467
  flutter_inappwebview_ios: b89ba3482b96fb25e00c967aae065701b66e9b99
  OrderedSet: e539b66b644ff081c73a262d24ad552a69be3a94
  webview_flutter_wkwebview: 8ebf4fded22593026f7dbff1fbff31ea98573c8d

PODFILE CHECKSUM: bd2a70b4458fe6de0875a7e7f85f8d06128f55d1

COCOAPODS: 1.16.2
