PODS:
  - FlareLane (1.0.8)
  - flarelane_flutter (1.0.5):
    - FlareLane (= 1.0.8)
    - Flutter
  - Flutter (1.0.0)

DEPENDENCIES:
  - FlareLane
  - flarelane_flutter (from `.symlinks/plugins/flarelane_flutter/ios`)
  - Flutter (from `Flutter`)

SPEC REPOS:
  trunk:
    - FlareLane

EXTERNAL SOURCES:
  flarelane_flutter:
    :path: ".symlinks/plugins/flarelane_flutter/ios"
  Flutter:
    :path: Flutter

SPEC CHECKSUMS:
  FlareLane: 338d6c44a0466f20704a5cb8826f0c8ee20cd7f5
  flarelane_flutter: 3c44a2df30fc0b06313aff640312a10242c70bfb
  Flutter: 50d75fe2f02b26cc09d224853bb45737f8b3214a

PODFILE CHECKSUM: 9b9fb70ddcdd0229c1cc0168e397f51273043065

COCOAPODS: 1.11.2
